{
  "name": "vibium",
  "lockfileVersion": 3,
  "requires": true,
  "packages": {
    "": {
      "name": "vibium",
      "workspaces": [
        "clients/javascript"
      ]
    },
    "clients/javascript": {
      "name": "vibium",
      "version": "0.1.0",
      "license": "MIT"
    },
    "node_modules/vibium": {
      "resolved": "clients/javascript",
      "link": true
    }
  }
}
